
Microsoft Visual Studio Solution File, Format Version 12.00
# Visual Studio Version 17
VisualStudioVersion = 17.11.35125.118
MinimumVisualStudioVersion = 10.0.40219.1
Project("{FAE04EC0-301F-11D3-BF4B-00C04F79EFBC}") = "HistoryGeneratorPOC", ".\HistoryGeneratorPOC\HistoryGeneratorPOC.csproj", "{DC1FD570-3060-4466-92D4-F1FEBDC03AB5}"
EndProject
Project("{FAE04EC0-301F-11D3-BF4B-00C04F79EFBC}") = "HistoryGenerator", ".\HistoryGenerator\HistoryGenerator.csproj", "{AC37ACE5-4413-4AC5-8D2A-FF12D41FE932}"
EndProject
Global
	GlobalSection(SolutionConfigurationPlatforms) = preSolution
		Debug|Any CPU = Debug|Any CPU
		Release|Any CPU = Release|Any CPU
	EndGlobalSection
	GlobalSection(ProjectConfigurationPlatforms) = postSolution
		{DC1FD570-3060-4466-92D4-F1FEBDC03AB5}.Debug|Any CPU.ActiveCfg = Debug|Any CPU
		{DC1FD570-3060-4466-92D4-F1FEBDC03AB5}.Debug|Any CPU.Build.0 = Debug|Any CPU
		{DC1FD570-3060-4466-92D4-F1FEBDC03AB5}.Release|Any CPU.ActiveCfg = Release|Any CPU
		{DC1FD570-3060-4466-92D4-F1FEBDC03AB5}.Release|Any CPU.Build.0 = Release|Any CPU
		{AC37ACE5-4413-4AC5-8D2A-FF12D41FE932}.Debug|Any CPU.ActiveCfg = Debug|Any CPU
		{AC37ACE5-4413-4AC5-8D2A-FF12D41FE932}.Debug|Any CPU.Build.0 = Debug|Any CPU
		{AC37ACE5-4413-4AC5-8D2A-FF12D41FE932}.Release|Any CPU.ActiveCfg = Release|Any CPU
		{AC37ACE5-4413-4AC5-8D2A-FF12D41FE932}.Release|Any CPU.Build.0 = Release|Any CPU
	EndGlobalSection
	GlobalSection(SolutionProperties) = preSolution
		HideSolutionNode = FALSE
	EndGlobalSection
	GlobalSection(ExtensibilityGlobals) = postSolution
		SolutionGuid = {49DC7911-E2B6-45C0-95CE-4120254F0061}
	EndGlobalSection
EndGlobal
